// !$*UTF8*$!
{
	archiveVersion = 1;
	classes = {
	};
	objectVersion = 50;
	objects = {

/* Begin PBXBuildFile section */
		FD43DCEB2182B6980041F494 /* AppDelegate.swift in Sources */ = {isa = PBXBuildFile; fileRef = FD43DCEA2182B6980041F494 /* AppDelegate.swift */; };
		FD43DCED2182B6980041F494 /* ViewController.swift in Sources */ = {isa = PBXBuildFile; fileRef = FD43DCEC2182B6980041F494 /* ViewController.swift */; };
		FD43DCF02182B6980041F494 /* Main.storyboard in Resources */ = {isa = PBXBuildFile; fileRef = FD43DCEE2182B6980041F494 /* Main.storyboard */; };
		FD43DCF22182B69B0041F494 /* Assets.xcassets in Resources */ = {isa = PBXBuildFile; fileRef = FD43DCF12182B69B0041F494 /* Assets.xcassets */; };
		FD43DCF52182B69B0041F494 /* LaunchScreen.storyboard in Resources */ = {isa = PBXBuildFile; fileRef = FD43DCF32182B69B0041F494 /* LaunchScreen.storyboard */; };
		FD43DD002182B69B0041F494 /* JCLayoutSwiftDemoTests.swift in Sources */ = {isa = PBXBuildFile; fileRef = FD43DCFF2182B69B0041F494 /* JCLayoutSwiftDemoTests.swift */; };
		FD43DD0B2182B69B0041F494 /* JCLayoutSwiftDemoUITests.swift in Sources */ = {isa = PBXBuildFile; fileRef = FD43DD0A2182B69B0041F494 /* JCLayoutSwiftDemoUITests.swift */; };
		FD43DD232182B6AA0041F494 /* JCLayoutManager.swift in Sources */ = {isa = PBXBuildFile; fileRef = FD43DD192182B6AA0041F494 /* JCLayoutManager.swift */; };
		FD43DD242182B6AA0041F494 /* JCLayoutSwiftTarget.swift in Sources */ = {isa = PBXBuildFile; fileRef = FD43DD1A2182B6AA0041F494 /* JCLayoutSwiftTarget.swift */; };
		FD43DD252182B6AA0041F494 /* JCLayoutSwiftViewExtension.swift in Sources */ = {isa = PBXBuildFile; fileRef = FD43DD1C2182B6AA0041F494 /* JCLayoutSwiftViewExtension.swift */; };
		FD43DD262182B6AA0041F494 /* JCLayoutSwiftPriority.swift in Sources */ = {isa = PBXBuildFile; fileRef = FD43DD1D2182B6AA0041F494 /* JCLayoutSwiftPriority.swift */; };
		FD43DD272182B6AA0041F494 /* JCLayoutSwiftGlobal.swift in Sources */ = {isa = PBXBuildFile; fileRef = FD43DD1E2182B6AA0041F494 /* JCLayoutSwiftGlobal.swift */; };
		FD43DD282182B6AA0041F494 /* JCLayoutSwiftDefine.swift in Sources */ = {isa = PBXBuildFile; fileRef = FD43DD1F2182B6AA0041F494 /* JCLayoutSwiftDefine.swift */; };
		FD43DD292182B6AA0041F494 /* JCLayoutSwiftConstraint.swift in Sources */ = {isa = PBXBuildFile; fileRef = FD43DD202182B6AA0041F494 /* JCLayoutSwiftConstraint.swift */; };
		FD43DD2A2182B6AA0041F494 /* JCLayoutSwiftItem.swift in Sources */ = {isa = PBXBuildFile; fileRef = FD43DD212182B6AA0041F494 /* JCLayoutSwiftItem.swift */; };
		FD43DD2B2182B6AA0041F494 /* JCLayoutSwiftMaker.swift in Sources */ = {isa = PBXBuildFile; fileRef = FD43DD222182B6AA0041F494 /* JCLayoutSwiftMaker.swift */; };
/* End PBXBuildFile section */

/* Begin PBXContainerItemProxy section */
		FD43DCFC2182B69B0041F494 /* PBXContainerItemProxy */ = {
			isa = PBXContainerItemProxy;
			containerPortal = FD43DCDF2182B6980041F494 /* Project object */;
			proxyType = 1;
			remoteGlobalIDString = FD43DCE62182B6980041F494;
			remoteInfo = JCLayoutSwiftDemo;
		};
		FD43DD072182B69B0041F494 /* PBXContainerItemProxy */ = {
			isa = PBXContainerItemProxy;
			containerPortal = FD43DCDF2182B6980041F494 /* Project object */;
			proxyType = 1;
			remoteGlobalIDString = FD43DCE62182B6980041F494;
			remoteInfo = JCLayoutSwiftDemo;
		};
/* End PBXContainerItemProxy section */

/* Begin PBXFileReference section */
		FD43DCE72182B6980041F494 /* JCLayoutSwiftDemo.app */ = {isa = PBXFileReference; explicitFileType = wrapper.application; includeInIndex = 0; path = JCLayoutSwiftDemo.app; sourceTree = BUILT_PRODUCTS_DIR; };
		FD43DCEA2182B6980041F494 /* AppDelegate.swift */ = {isa = PBXFileReference; lastKnownFileType = sourcecode.swift; path = AppDelegate.swift; sourceTree = "<group>"; };
		FD43DCEC2182B6980041F494 /* ViewController.swift */ = {isa = PBXFileReference; lastKnownFileType = sourcecode.swift; path = ViewController.swift; sourceTree = "<group>"; };
		FD43DCEF2182B6980041F494 /* Base */ = {isa = PBXFileReference; lastKnownFileType = file.storyboard; name = Base; path = Base.lproj/Main.storyboard; sourceTree = "<group>"; };
		FD43DCF12182B69B0041F494 /* Assets.xcassets */ = {isa = PBXFileReference; lastKnownFileType = folder.assetcatalog; path = Assets.xcassets; sourceTree = "<group>"; };
		FD43DCF42182B69B0041F494 /* Base */ = {isa = PBXFileReference; lastKnownFileType = file.storyboard; name = Base; path = Base.lproj/LaunchScreen.storyboard; sourceTree = "<group>"; };
		FD43DCF62182B69B0041F494 /* Info.plist */ = {isa = PBXFileReference; lastKnownFileType = text.plist.xml; path = Info.plist; sourceTree = "<group>"; };
		FD43DCFB2182B69B0041F494 /* JCLayoutSwiftDemoTests.xctest */ = {isa = PBXFileReference; explicitFileType = wrapper.cfbundle; includeInIndex = 0; path = JCLayoutSwiftDemoTests.xctest; sourceTree = BUILT_PRODUCTS_DIR; };
		FD43DCFF2182B69B0041F494 /* JCLayoutSwiftDemoTests.swift */ = {isa = PBXFileReference; lastKnownFileType = sourcecode.swift; path = JCLayoutSwiftDemoTests.swift; sourceTree = "<group>"; };
		FD43DD012182B69B0041F494 /* Info.plist */ = {isa = PBXFileReference; lastKnownFileType = text.plist.xml; path = Info.plist; sourceTree = "<group>"; };
		FD43DD062182B69B0041F494 /* JCLayoutSwiftDemoUITests.xctest */ = {isa = PBXFileReference; explicitFileType = wrapper.cfbundle; includeInIndex = 0; path = JCLayoutSwiftDemoUITests.xctest; sourceTree = BUILT_PRODUCTS_DIR; };
		FD43DD0A2182B69B0041F494 /* JCLayoutSwiftDemoUITests.swift */ = {isa = PBXFileReference; lastKnownFileType = sourcecode.swift; path = JCLayoutSwiftDemoUITests.swift; sourceTree = "<group>"; };
		FD43DD0C2182B69B0041F494 /* Info.plist */ = {isa = PBXFileReference; lastKnownFileType = text.plist.xml; path = Info.plist; sourceTree = "<group>"; };
		FD43DD192182B6AA0041F494 /* JCLayoutManager.swift */ = {isa = PBXFileReference; fileEncoding = 4; lastKnownFileType = sourcecode.swift; path = JCLayoutManager.swift; sourceTree = "<group>"; };
		FD43DD1A2182B6AA0041F494 /* JCLayoutSwiftTarget.swift */ = {isa = PBXFileReference; fileEncoding = 4; lastKnownFileType = sourcecode.swift; path = JCLayoutSwiftTarget.swift; sourceTree = "<group>"; };
		FD43DD1C2182B6AA0041F494 /* JCLayoutSwiftViewExtension.swift */ = {isa = PBXFileReference; fileEncoding = 4; lastKnownFileType = sourcecode.swift; path = JCLayoutSwiftViewExtension.swift; sourceTree = "<group>"; };
		FD43DD1D2182B6AA0041F494 /* JCLayoutSwiftPriority.swift */ = {isa = PBXFileReference; fileEncoding = 4; lastKnownFileType = sourcecode.swift; path = JCLayoutSwiftPriority.swift; sourceTree = "<group>"; };
		FD43DD1E2182B6AA0041F494 /* JCLayoutSwiftGlobal.swift */ = {isa = PBXFileReference; fileEncoding = 4; lastKnownFileType = sourcecode.swift; path = JCLayoutSwiftGlobal.swift; sourceTree = "<group>"; };
		FD43DD1F2182B6AA0041F494 /* JCLayoutSwiftDefine.swift */ = {isa = PBXFileReference; fileEncoding = 4; lastKnownFileType = sourcecode.swift; path = JCLayoutSwiftDefine.swift; sourceTree = "<group>"; };
		FD43DD202182B6AA0041F494 /* JCLayoutSwiftConstraint.swift */ = {isa = PBXFileReference; fileEncoding = 4; lastKnownFileType = sourcecode.swift; path = JCLayoutSwiftConstraint.swift; sourceTree = "<group>"; };
		FD43DD212182B6AA0041F494 /* JCLayoutSwiftItem.swift */ = {isa = PBXFileReference; fileEncoding = 4; lastKnownFileType = sourcecode.swift; path = JCLayoutSwiftItem.swift; sourceTree = "<group>"; };
		FD43DD222182B6AA0041F494 /* JCLayoutSwiftMaker.swift */ = {isa = PBXFileReference; fileEncoding = 4; lastKnownFileType = sourcecode.swift; path = JCLayoutSwiftMaker.swift; sourceTree = "<group>"; };
/* End PBXFileReference section */

/* Begin PBXFrameworksBuildPhase section */
		FD43DCE42182B6980041F494 /* Frameworks */ = {
			isa = PBXFrameworksBuildPhase;
			buildActionMask = 2147483647;
			files = (
			);
			runOnlyForDeploymentPostprocessing = 0;
		};
		FD43DCF82182B69B0041F494 /* Frameworks */ = {
			isa = PBXFrameworksBuildPhase;
			buildActionMask = 2147483647;
			files = (
			);
			runOnlyForDeploymentPostprocessing = 0;
		};
		FD43DD032182B69B0041F494 /* Frameworks */ = {
			isa = PBXFrameworksBuildPhase;
			buildActionMask = 2147483647;
			files = (
			);
			runOnlyForDeploymentPostprocessing = 0;
		};
/* End PBXFrameworksBuildPhase section */

/* Begin PBXGroup section */
		FD43DCDE2182B6980041F494 = {
			isa = PBXGroup;
			children = (
				FD43DCE92182B6980041F494 /* JCLayoutSwiftDemo */,
				FD43DCFE2182B69B0041F494 /* JCLayoutSwiftDemoTests */,
				FD43DD092182B69B0041F494 /* JCLayoutSwiftDemoUITests */,
				FD43DCE82182B6980041F494 /* Products */,
			);
			sourceTree = "<group>";
		};
		FD43DCE82182B6980041F494 /* Products */ = {
			isa = PBXGroup;
			children = (
				FD43DCE72182B6980041F494 /* JCLayoutSwiftDemo.app */,
				FD43DCFB2182B69B0041F494 /* JCLayoutSwiftDemoTests.xctest */,
				FD43DD062182B69B0041F494 /* JCLayoutSwiftDemoUITests.xctest */,
			);
			name = Products;
			sourceTree = "<group>";
		};
		FD43DCE92182B6980041F494 /* JCLayoutSwiftDemo */ = {
			isa = PBXGroup;
			children = (
				FD43DD182182B6AA0041F494 /* JCLayoutSwift */,
				FD43DCEA2182B6980041F494 /* AppDelegate.swift */,
				FD43DCEC2182B6980041F494 /* ViewController.swift */,
				FD43DCEE2182B6980041F494 /* Main.storyboard */,
				FD43DCF12182B69B0041F494 /* Assets.xcassets */,
				FD43DCF32182B69B0041F494 /* LaunchScreen.storyboard */,
				FD43DCF62182B69B0041F494 /* Info.plist */,
			);
			path = JCLayoutSwiftDemo;
			sourceTree = "<group>";
		};
		FD43DCFE2182B69B0041F494 /* JCLayoutSwiftDemoTests */ = {
			isa = PBXGroup;
			children = (
				FD43DCFF2182B69B0041F494 /* JCLayoutSwiftDemoTests.swift */,
				FD43DD012182B69B0041F494 /* Info.plist */,
			);
			path = JCLayoutSwiftDemoTests;
			sourceTree = "<group>";
		};
		FD43DD092182B69B0041F494 /* JCLayoutSwiftDemoUITests */ = {
			isa = PBXGroup;
			children = (
				FD43DD0A2182B69B0041F494 /* JCLayoutSwiftDemoUITests.swift */,
				FD43DD0C2182B69B0041F494 /* Info.plist */,
			);
			path = JCLayoutSwiftDemoUITests;
			sourceTree = "<group>";
		};
		FD43DD182182B6AA0041F494 /* JCLayoutSwift */ = {
			isa = PBXGroup;
			children = (
				FD43DD192182B6AA0041F494 /* JCLayoutManager.swift */,
				FD43DD1A2182B6AA0041F494 /* JCLayoutSwiftTarget.swift */,
				FD43DD1B2182B6AA0041F494 /* extense */,
				FD43DD1D2182B6AA0041F494 /* JCLayoutSwiftPriority.swift */,
				FD43DD1E2182B6AA0041F494 /* JCLayoutSwiftGlobal.swift */,
				FD43DD1F2182B6AA0041F494 /* JCLayoutSwiftDefine.swift */,
				FD43DD202182B6AA0041F494 /* JCLayoutSwiftConstraint.swift */,
				FD43DD212182B6AA0041F494 /* JCLayoutSwiftItem.swift */,
				FD43DD222182B6AA0041F494 /* JCLayoutSwiftMaker.swift */,
			);
			path = JCLayoutSwift;
			sourceTree = "<group>";
		};
		FD43DD1B2182B6AA0041F494 /* extense */ = {
			isa = PBXGroup;
			children = (
				FD43DD1C2182B6AA0041F494 /* JCLayoutSwiftViewExtension.swift */,
			);
			path = extense;
			sourceTree = "<group>";
		};
/* End PBXGroup section */

/* Begin PBXNativeTarget section */
		FD43DCE62182B6980041F494 /* JCLayoutSwiftDemo */ = {
			isa = PBXNativeTarget;
			buildConfigurationList = FD43DD0F2182B69B0041F494 /* Build configuration list for PBXNativeTarget "JCLayoutSwiftDemo" */;
			buildPhases = (
				FD43DCE32182B6980041F494 /* Sources */,
				FD43DCE42182B6980041F494 /* Frameworks */,
				FD43DCE52182B6980041F494 /* Resources */,
			);
			buildRules = (
			);
			dependencies = (
			);
			name = JCLayoutSwiftDemo;
			productName = JCLayoutSwiftDemo;
			productReference = FD43DCE72182B6980041F494 /* JCLayoutSwiftDemo.app */;
			productType = "com.apple.product-type.application";
		};
		FD43DCFA2182B69B0041F494 /* JCLayoutSwiftDemoTests */ = {
			isa = PBXNativeTarget;
			buildConfigurationList = FD43DD122182B69B0041F494 /* Build configuration list for PBXNativeTarget "JCLayoutSwiftDemoTests" */;
			buildPhases = (
				FD43DCF72182B69B0041F494 /* Sources */,
				FD43DCF82182B69B0041F494 /* Frameworks */,
				FD43DCF92182B69B0041F494 /* Resources */,
			);
			buildRules = (
			);
			dependencies = (
				FD43DCFD2182B69B0041F494 /* PBXTargetDependency */,
			);
			name = JCLayoutSwiftDemoTests;
			productName = JCLayoutSwiftDemoTests;
			productReference = FD43DCFB2182B69B0041F494 /* JCLayoutSwiftDemoTests.xctest */;
			productType = "com.apple.product-type.bundle.unit-test";
		};
		FD43DD052182B69B0041F494 /* JCLayoutSwiftDemoUITests */ = {
			isa = PBXNativeTarget;
			buildConfigurationList = FD43DD152182B69B0041F494 /* Build configuration list for PBXNativeTarget "JCLayoutSwiftDemoUITests" */;
			buildPhases = (
				FD43DD022182B69B0041F494 /* Sources */,
				FD43DD032182B69B0041F494 /* Frameworks */,
				FD43DD042182B69B0041F494 /* Resources */,
			);
			buildRules = (
			);
			dependencies = (
				FD43DD082182B69B0041F494 /* PBXTargetDependency */,
			);
			name = JCLayoutSwiftDemoUITests;
			productName = JCLayoutSwiftDemoUITests;
			productReference = FD43DD062182B69B0041F494 /* JCLayoutSwiftDemoUITests.xctest */;
			productType = "com.apple.product-type.bundle.ui-testing";
		};
/* End PBXNativeTarget section */

/* Begin PBXProject section */
		FD43DCDF2182B6980041F494 /* Project object */ = {
			isa = PBXProject;
			attributes = {
				LastSwiftUpdateCheck = 1000;
				LastUpgradeCheck = 1000;
				ORGANIZATIONNAME = Charlie;
				TargetAttributes = {
					FD43DCE62182B6980041F494 = {
						CreatedOnToolsVersion = 10.0;
					};
					FD43DCFA2182B69B0041F494 = {
						CreatedOnToolsVersion = 10.0;
						TestTargetID = FD43DCE62182B6980041F494;
					};
					FD43DD052182B69B0041F494 = {
						CreatedOnToolsVersion = 10.0;
						TestTargetID = FD43DCE62182B6980041F494;
					};
				};
			};
			buildConfigurationList = FD43DCE22182B6980041F494 /* Build configuration list for PBXProject "JCLayoutSwiftDemo" */;
			compatibilityVersion = "Xcode 9.3";
			developmentRegion = en;
			hasScannedForEncodings = 0;
			knownRegions = (
				en,
				Base,
			);
			mainGroup = FD43DCDE2182B6980041F494;
			productRefGroup = FD43DCE82182B6980041F494 /* Products */;
			projectDirPath = "";
			projectRoot = "";
			targets = (
				FD43DCE62182B6980041F494 /* JCLayoutSwiftDemo */,
				FD43DCFA2182B69B0041F494 /* JCLayoutSwiftDemoTests */,
				FD43DD052182B69B0041F494 /* JCLayoutSwiftDemoUITests */,
			);
		};
/* End PBXProject section */

/* Begin PBXResourcesBuildPhase section */
		FD43DCE52182B6980041F494 /* Resources */ = {
			isa = PBXResourcesBuildPhase;
			buildActionMask = 2147483647;
			files = (
				FD43DCF52182B69B0041F494 /* LaunchScreen.storyboard in Resources */,
				FD43DCF22182B69B0041F494 /* Assets.xcassets in Resources */,
				FD43DCF02182B6980041F494 /* Main.storyboard in Resources */,
			);
			runOnlyForDeploymentPostprocessing = 0;
		};
		FD43DCF92182B69B0041F494 /* Resources */ = {
			isa = PBXResourcesBuildPhase;
			buildActionMask = 2147483647;
			files = (
			);
			runOnlyForDeploymentPostprocessing = 0;
		};
		FD43DD042182B69B0041F494 /* Resources */ = {
			isa = PBXResourcesBuildPhase;
			buildActionMask = 2147483647;
			files = (
			);
			runOnlyForDeploymentPostprocessing = 0;
		};
/* End PBXResourcesBuildPhase section */

/* Begin PBXSourcesBuildPhase section */
		FD43DCE32182B6980041F494 /* Sources */ = {
			isa = PBXSourcesBuildPhase;
			buildActionMask = 2147483647;
			files = (
				FD43DCED2182B6980041F494 /* ViewController.swift in Sources */,
				FD43DCEB2182B6980041F494 /* AppDelegate.swift in Sources */,
				FD43DD232182B6AA0041F494 /* JCLayoutManager.swift in Sources */,
				FD43DD2A2182B6AA0041F494 /* JCLayoutSwiftItem.swift in Sources */,
				FD43DD2B2182B6AA0041F494 /* JCLayoutSwiftMaker.swift in Sources */,
				FD43DD242182B6AA0041F494 /* JCLayoutSwiftTarget.swift in Sources */,
				FD43DD262182B6AA0041F494 /* JCLayoutSwiftPriority.swift in Sources */,
				FD43DD252182B6AA0041F494 /* JCLayoutSwiftViewExtension.swift in Sources */,
				FD43DD292182B6AA0041F494 /* JCLayoutSwiftConstraint.swift in Sources */,
				FD43DD272182B6AA0041F494 /* JCLayoutSwiftGlobal.swift in Sources */,
				FD43DD282182B6AA0041F494 /* JCLayoutSwiftDefine.swift in Sources */,
			);
			runOnlyForDeploymentPostprocessing = 0;
		};
		FD43DCF72182B69B0041F494 /* Sources */ = {
			isa = PBXSourcesBuildPhase;
			buildActionMask = 2147483647;
			files = (
				FD43DD002182B69B0041F494 /* JCLayoutSwiftDemoTests.swift in Sources */,
			);
			runOnlyForDeploymentPostprocessing = 0;
		};
		FD43DD022182B69B0041F494 /* Sources */ = {
			isa = PBXSourcesBuildPhase;
			buildActionMask = 2147483647;
			files = (
				FD43DD0B2182B69B0041F494 /* JCLayoutSwiftDemoUITests.swift in Sources */,
			);
			runOnlyForDeploymentPostprocessing = 0;
		};
/* End PBXSourcesBuildPhase section */

/* Begin PBXTargetDependency section */
		FD43DCFD2182B69B0041F494 /* PBXTargetDependency */ = {
			isa = PBXTargetDependency;
			target = FD43DCE62182B6980041F494 /* JCLayoutSwiftDemo */;
			targetProxy = FD43DCFC2182B69B0041F494 /* PBXContainerItemProxy */;
		};
		FD43DD082182B69B0041F494 /* PBXTargetDependency */ = {
			isa = PBXTargetDependency;
			target = FD43DCE62182B6980041F494 /* JCLayoutSwiftDemo */;
			targetProxy = FD43DD072182B69B0041F494 /* PBXContainerItemProxy */;
		};
/* End PBXTargetDependency section */

/* Begin PBXVariantGroup section */
		FD43DCEE2182B6980041F494 /* Main.storyboard */ = {
			isa = PBXVariantGroup;
			children = (
				FD43DCEF2182B6980041F494 /* Base */,
			);
			name = Main.storyboard;
			sourceTree = "<group>";
		};
		FD43DCF32182B69B0041F494 /* LaunchScreen.storyboard */ = {
			isa = PBXVariantGroup;
			children = (
				FD43DCF42182B69B0041F494 /* Base */,
			);
			name = LaunchScreen.storyboard;
			sourceTree = "<group>";
		};
/* End PBXVariantGroup section */

/* Begin XCBuildConfiguration section */
		FD43DD0D2182B69B0041F494 /* Debug */ = {
			isa = XCBuildConfiguration;
			buildSettings = {
				ALWAYS_SEARCH_USER_PATHS = NO;
				CLANG_ANALYZER_NONNULL = YES;
				CLANG_ANALYZER_NUMBER_OBJECT_CONVERSION = YES_AGGRESSIVE;
				CLANG_CXX_LANGUAGE_STANDARD = "gnu++14";
				CLANG_CXX_LIBRARY = "libc++";
				CLANG_ENABLE_MODULES = YES;
				CLANG_ENABLE_OBJC_ARC = YES;
				CLANG_ENABLE_OBJC_WEAK = YES;
				CLANG_WARN_BLOCK_CAPTURE_AUTORELEASING = YES;
				CLANG_WARN_BOOL_CONVERSION = YES;
				CLANG_WARN_COMMA = YES;
				CLANG_WARN_CONSTANT_CONVERSION = YES;
				CLANG_WARN_DEPRECATED_OBJC_IMPLEMENTATIONS = YES;
				CLANG_WARN_DIRECT_OBJC_ISA_USAGE = YES_ERROR;
				CLANG_WARN_DOCUMENTATION_COMMENTS = YES;
				CLANG_WARN_EMPTY_BODY = YES;
				CLANG_WARN_ENUM_CONVERSION = YES;
				CLANG_WARN_INFINITE_RECURSION = YES;
				CLANG_WARN_INT_CONVERSION = YES;
				CLANG_WARN_NON_LITERAL_NULL_CONVERSION = YES;
				CLANG_WARN_OBJC_IMPLICIT_RETAIN_SELF = YES;
				CLANG_WARN_OBJC_LITERAL_CONVERSION = YES;
				CLANG_WARN_OBJC_ROOT_CLASS = YES_ERROR;
				CLANG_WARN_RANGE_LOOP_ANALYSIS = YES;
				CLANG_WARN_STRICT_PROTOTYPES = YES;
				CLANG_WARN_SUSPICIOUS_MOVE = YES;
				CLANG_WARN_UNGUARDED_AVAILABILITY = YES_AGGRESSIVE;
				CLANG_WARN_UNREACHABLE_CODE = YES;
				CLANG_WARN__DUPLICATE_METHOD_MATCH = YES;
				CODE_SIGN_IDENTITY = "iPhone Developer";
				COPY_PHASE_STRIP = NO;
				DEBUG_INFORMATION_FORMAT = dwarf;
				ENABLE_STRICT_OBJC_MSGSEND = YES;
				ENABLE_TESTABILITY = YES;
				GCC_C_LANGUAGE_STANDARD = gnu11;
				GCC_DYNAMIC_NO_PIC = NO;
				GCC_NO_COMMON_BLOCKS = YES;
				GCC_OPTIMIZATION_LEVEL = 0;
				GCC_PREPROCESSOR_DEFINITIONS = (
					"DEBUG=1",
					"$(inherited)",
				);
				GCC_WARN_64_TO_32_BIT_CONVERSION = YES;
				GCC_WARN_ABOUT_RETURN_TYPE = YES_ERROR;
				GCC_WARN_UNDECLARED_SELECTOR = YES;
				GCC_WARN_UNINITIALIZED_AUTOS = YES_AGGRESSIVE;
				GCC_WARN_UNUSED_FUNCTION = YES;
				GCC_WARN_UNUSED_VARIABLE = YES;
				IPHONEOS_DEPLOYMENT_TARGET = 12.0;
				MTL_ENABLE_DEBUG_INFO = INCLUDE_SOURCE;
				MTL_FAST_MATH = YES;
				ONLY_ACTIVE_ARCH = YES;
				SDKROOT = iphoneos;
				SWIFT_ACTIVE_COMPILATION_CONDITIONS = DEBUG;
				SWIFT_OPTIMIZATION_LEVEL = "-Onone";
			};
			name = Debug;
		};
		FD43DD0E2182B69B0041F494 /* Release */ = {
			isa = XCBuildConfiguration;
			buildSettings = {
				ALWAYS_SEARCH_USER_PATHS = NO;
				CLANG_ANALYZER_NONNULL = YES;
				CLANG_ANALYZER_NUMBER_OBJECT_CONVERSION = YES_AGGRESSIVE;
				CLANG_CXX_LANGUAGE_STANDARD = "gnu++14";
				CLANG_CXX_LIBRARY = "libc++";
				CLANG_ENABLE_MODULES = YES;
				CLANG_ENABLE_OBJC_ARC = YES;
				CLANG_ENABLE_OBJC_WEAK = YES;
				CLANG_WARN_BLOCK_CAPTURE_AUTORELEASING = YES;
				CLANG_WARN_BOOL_CONVERSION = YES;
				CLANG_WARN_COMMA = YES;
				CLANG_WARN_CONSTANT_CONVERSION = YES;
				CLANG_WARN_DEPRECATED_OBJC_IMPLEMENTATIONS = YES;
				CLANG_WARN_DIRECT_OBJC_ISA_USAGE = YES_ERROR;
				CLANG_WARN_DOCUMENTATION_COMMENTS = YES;
				CLANG_WARN_EMPTY_BODY = YES;
				CLANG_WARN_ENUM_CONVERSION = YES;
				CLANG_WARN_INFINITE_RECURSION = YES;
				CLANG_WARN_INT_CONVERSION = YES;
				CLANG_WARN_NON_LITERAL_NULL_CONVERSION = YES;
				CLANG_WARN_OBJC_IMPLICIT_RETAIN_SELF = YES;
				CLANG_WARN_OBJC_LITERAL_CONVERSION = YES;
				CLANG_WARN_OBJC_ROOT_CLASS = YES_ERROR;
				CLANG_WARN_RANGE_LOOP_ANALYSIS = YES;
				CLANG_WARN_STRICT_PROTOTYPES = YES;
				CLANG_WARN_SUSPICIOUS_MOVE = YES;
				CLANG_WARN_UNGUARDED_AVAILABILITY = YES_AGGRESSIVE;
				CLANG_WARN_UNREACHABLE_CODE = YES;
				CLANG_WARN__DUPLICATE_METHOD_MATCH = YES;
				CODE_SIGN_IDENTITY = "iPhone Developer";
				COPY_PHASE_STRIP = NO;
				DEBUG_INFORMATION_FORMAT = "dwarf-with-dsym";
				ENABLE_NS_ASSERTIONS = NO;
				ENABLE_STRICT_OBJC_MSGSEND = YES;
				GCC_C_LANGUAGE_STANDARD = gnu11;
				GCC_NO_COMMON_BLOCKS = YES;
				GCC_WARN_64_TO_32_BIT_CONVERSION = YES;
				GCC_WARN_ABOUT_RETURN_TYPE = YES_ERROR;
				GCC_WARN_UNDECLARED_SELECTOR = YES;
				GCC_WARN_UNINITIALIZED_AUTOS = YES_AGGRESSIVE;
				GCC_WARN_UNUSED_FUNCTION = YES;
				GCC_WARN_UNUSED_VARIABLE = YES;
				IPHONEOS_DEPLOYMENT_TARGET = 12.0;
				MTL_ENABLE_DEBUG_INFO = NO;
				MTL_FAST_MATH = YES;
				SDKROOT = iphoneos;
				SWIFT_COMPILATION_MODE = wholemodule;
				SWIFT_OPTIMIZATION_LEVEL = "-O";
				VALIDATE_PRODUCT = YES;
			};
			name = Release;
		};
		FD43DD102182B69B0041F494 /* Debug */ = {
			isa = XCBuildConfiguration;
			buildSettings = {
				ASSETCATALOG_COMPILER_APPICON_NAME = AppIcon;
				CODE_SIGN_STYLE = Automatic;
				DEVELOPMENT_TEAM = B4VPYGTA35;
				INFOPLIST_FILE = JCLayoutSwiftDemo/Info.plist;
				LD_RUNPATH_SEARCH_PATHS = (
					"$(inherited)",
					"@executable_path/Frameworks",
				);
				PRODUCT_BUNDLE_IDENTIFIER = com.charlie.JCLayoutSwiftDemo;
				PRODUCT_NAME = "$(TARGET_NAME)";
				SWIFT_VERSION = 4.2;
				TARGETED_DEVICE_FAMILY = "1,2";
			};
			name = Debug;
		};
		FD43DD112182B69B0041F494 /* Release */ = {
			isa = XCBuildConfiguration;
			buildSettings = {
				ASSETCATALOG_COMPILER_APPICON_NAME = AppIcon;
				CODE_SIGN_STYLE = Automatic;
				DEVELOPMENT_TEAM = B4VPYGTA35;
				INFOPLIST_FILE = JCLayoutSwiftDemo/Info.plist;
				LD_RUNPATH_SEARCH_PATHS = (
					"$(inherited)",
					"@executable_path/Frameworks",
				);
				PRODUCT_BUNDLE_IDENTIFIER = com.charlie.JCLayoutSwiftDemo;
				PRODUCT_NAME = "$(TARGET_NAME)";
				SWIFT_VERSION = 4.2;
				TARGETED_DEVICE_FAMILY = "1,2";
			};
			name = Release;
		};
		FD43DD132182B69B0041F494 /* Debug */ = {
			isa = XCBuildConfiguration;
			buildSettings = {
				ALWAYS_EMBED_SWIFT_STANDARD_LIBRARIES = YES;
				BUNDLE_LOADER = "$(TEST_HOST)";
				CODE_SIGN_STYLE = Automatic;
				INFOPLIST_FILE = JCLayoutSwiftDemoTests/Info.plist;
				LD_RUNPATH_SEARCH_PATHS = (
					"$(inherited)",
					"@executable_path/Frameworks",
					"@loader_path/Frameworks",
				);
				PRODUCT_BUNDLE_IDENTIFIER = com.charlie.JCLayoutSwiftDemoTests;
				PRODUCT_NAME = "$(TARGET_NAME)";
				SWIFT_VERSION = 4.2;
				TARGETED_DEVICE_FAMILY = "1,2";
				TEST_HOST = "$(BUILT_PRODUCTS_DIR)/JCLayoutSwiftDemo.app/JCLayoutSwiftDemo";
			};
			name = Debug;
		};
		FD43DD142182B69B0041F494 /* Release */ = {
			isa = XCBuildConfiguration;
			buildSettings = {
				ALWAYS_EMBED_SWIFT_STANDARD_LIBRARIES = YES;
				BUNDLE_LOADER = "$(TEST_HOST)";
				CODE_SIGN_STYLE = Automatic;
				INFOPLIST_FILE = JCLayoutSwiftDemoTests/Info.plist;
				LD_RUNPATH_SEARCH_PATHS = (
					"$(inherited)",
					"@executable_path/Frameworks",
					"@loader_path/Frameworks",
				);
				PRODUCT_BUNDLE_IDENTIFIER = com.charlie.JCLayoutSwiftDemoTests;
				PRODUCT_NAME = "$(TARGET_NAME)";
				SWIFT_VERSION = 4.2;
				TARGETED_DEVICE_FAMILY = "1,2";
				TEST_HOST = "$(BUILT_PRODUCTS_DIR)/JCLayoutSwiftDemo.app/JCLayoutSwiftDemo";
			};
			name = Release;
		};
		FD43DD162182B69B0041F494 /* Debug */ = {
			isa = XCBuildConfiguration;
			buildSettings = {
				ALWAYS_EMBED_SWIFT_STANDARD_LIBRARIES = YES;
				CODE_SIGN_STYLE = Automatic;
				INFOPLIST_FILE = JCLayoutSwiftDemoUITests/Info.plist;
				LD_RUNPATH_SEARCH_PATHS = (
					"$(inherited)",
					"@executable_path/Frameworks",
					"@loader_path/Frameworks",
				);
				PRODUCT_BUNDLE_IDENTIFIER = com.charlie.JCLayoutSwiftDemoUITests;
				PRODUCT_NAME = "$(TARGET_NAME)";
				SWIFT_VERSION = 4.2;
				TARGETED_DEVICE_FAMILY = "1,2";
				TEST_TARGET_NAME = JCLayoutSwiftDemo;
			};
			name = Debug;
		};
		FD43DD172182B69B0041F494 /* Release */ = {
			isa = XCBuildConfiguration;
			buildSettings = {
				ALWAYS_EMBED_SWIFT_STANDARD_LIBRARIES = YES;
				CODE_SIGN_STYLE = Automatic;
				INFOPLIST_FILE = JCLayoutSwiftDemoUITests/Info.plist;
				LD_RUNPATH_SEARCH_PATHS = (
					"$(inherited)",
					"@executable_path/Frameworks",
					"@loader_path/Frameworks",
				);
				PRODUCT_BUNDLE_IDENTIFIER = com.charlie.JCLayoutSwiftDemoUITests;
				PRODUCT_NAME = "$(TARGET_NAME)";
				SWIFT_VERSION = 4.2;
				TARGETED_DEVICE_FAMILY = "1,2";
				TEST_TARGET_NAME = JCLayoutSwiftDemo;
			};
			name = Release;
		};
/* End XCBuildConfiguration section */

/* Begin XCConfigurationList section */
		FD43DCE22182B6980041F494 /* Build configuration list for PBXProject "JCLayoutSwiftDemo" */ = {
			isa = XCConfigurationList;
			buildConfigurations = (
				FD43DD0D2182B69B0041F494 /* Debug */,
				FD43DD0E2182B69B0041F494 /* Release */,
			);
			defaultConfigurationIsVisible = 0;
			defaultConfigurationName = Release;
		};
		FD43DD0F2182B69B0041F494 /* Build configuration list for PBXNativeTarget "JCLayoutSwiftDemo" */ = {
			isa = XCConfigurationList;
			buildConfigurations = (
				FD43DD102182B69B0041F494 /* Debug */,
				FD43DD112182B69B0041F494 /* Release */,
			);
			defaultConfigurationIsVisible = 0;
			defaultConfigurationName = Release;
		};
		FD43DD122182B69B0041F494 /* Build configuration list for PBXNativeTarget "JCLayoutSwiftDemoTests" */ = {
			isa = XCConfigurationList;
			buildConfigurations = (
				FD43DD132182B69B0041F494 /* Debug */,
				FD43DD142182B69B0041F494 /* Release */,
			);
			defaultConfigurationIsVisible = 0;
			defaultConfigurationName = Release;
		};
		FD43DD152182B69B0041F494 /* Build configuration list for PBXNativeTarget "JCLayoutSwiftDemoUITests" */ = {
			isa = XCConfigurationList;
			buildConfigurations = (
				FD43DD162182B69B0041F494 /* Debug */,
				FD43DD172182B69B0041F494 /* Release */,
			);
			defaultConfigurationIsVisible = 0;
			defaultConfigurationName = Release;
		};
/* End XCConfigurationList section */
	};
	rootObject = FD43DCDF2182B6980041F494 /* Project object */;
}
